version = 1
revision = 3
requires-python = ">=3.11"

[[package]]
name = "py3dns"
version = "4.0.2"
source = { registry = "https://pypi.org/simple" }
sdist = { url = "https://files.pythonhosted.org/packages/76/67/d7e745a5248bd7ecf2b76d3a1c8280255cbbdcb21174b171cf3c87740836/py3dns-4.0.2.tar.gz", hash = "sha256:98652e80ecec143c60f78f0e6b341631ca9a7560edd8dddfc864c02902618a39", size = 33982, upload-time = "2024-06-06T12:17:08.495Z" }
wheels = [
    { url = "https://files.pythonhosted.org/packages/b7/43/1ff28f5302a0f423d4210cacc1f12fb416b6ba1f4c7107e020d264acb625/py3dns-4.0.2-py3-none-any.whl", hash = "sha256:36bffe62b59a72cfa09c03f0bd3473e0126f20ee4285d14c07415dbf6f5fd571", size = 29589, upload-time = "2024-06-06T12:17:06.862Z" },
]

[[package]]
name = "scripts"
version = "0.1.0"
source = { virtual = "." }
dependencies = [
    { name = "py3dns" },
    { name = "validate-email" },
]

[package.metadata]
requires-dist = [
    { name = "py3dns", specifier = ">=4.0.2" },
    { name = "validate-email", specifier = ">=1.3" },
]

[[package]]
name = "validate-email"
version = "1.3"
source = { registry = "https://pypi.org/simple" }
sdist = { url = "https://files.pythonhosted.org/packages/84/a0/cb53fb64b52123513d04f9b913b905f3eb6fda7264e639b4573cc715c29f/validate_email-1.3.tar.gz", hash = "sha256:784719dc5f780be319cdd185dc85dd93afebdb6ebb943811bc4c7c5f9c72aeaf", size = 4694, upload-time = "2015-03-23T04:22:45.115Z" }
